
Microsoft Visual Studio Solution File, Format Version 12.00
# Visual Studio Version 17
VisualStudioVersion = 17.8.34408.163
MinimumVisualStudioVersion = 10.0.40219.1
Project("{FAE04EC0-301F-11D3-BF4B-00C04F79EFBC}") = "Mission6_Barlocker", "Mission6_Barlocker\Mission6_Barlocker.csproj", "{B0927E8C-856F-4DB7-A9AB-8030E4B272DC}"
EndProject
Global
	GlobalSection(SolutionConfigurationPlatforms) = preSolution
		Debug|Any CPU = Debug|Any CPU
		Release|Any CPU = Release|Any CPU
	EndGlobalSection
	GlobalSection(ProjectConfigurationPlatforms) = postSolution
		{B0927E8C-856F-4DB7-A9AB-8030E4B272DC}.Debug|Any CPU.ActiveCfg = Debug|Any CPU
		{B0927E8C-856F-4DB7-A9AB-8030E4B272DC}.Debug|Any CPU.Build.0 = Debug|Any CPU
		{B0927E8C-856F-4DB7-A9AB-8030E4B272DC}.Release|Any CPU.ActiveCfg = Release|Any CPU
		{B0927E8C-856F-4DB7-A9AB-8030E4B272DC}.Release|Any CPU.Build.0 = Release|Any CPU
	EndGlobalSection
	GlobalSection(SolutionProperties) = preSolution
		HideSolutionNode = FALSE
	EndGlobalSection
	GlobalSection(ExtensibilityGlobals) = postSolution
		SolutionGuid = {D84CEE92-2DD5-46BD-ACBC-1EBF7B4AC152}
	EndGlobalSection
EndGlobal
